
Microsoft Visual Studio Solution File, Format Version 12.00
# Visual Studio Version 17
VisualStudioVersion = 17.13.35825.156 d17.13
MinimumVisualStudioVersion = 10.0.40219.1
Project("{FAE04EC0-301F-11D3-BF4B-00C04F79EFBC}") = "final_project", "final_project.csproj", "{E762638B-E234-4A0E-BA6E-83E6215DEED5}"
EndProject
Global
	GlobalSection(SolutionConfigurationPlatforms) = preSolution
		Debug|Any CPU = Debug|Any CPU
		Release|Any CPU = Release|Any CPU
	EndGlobalSection
	GlobalSection(ProjectConfigurationPlatforms) = postSolution
		{E762638B-E234-4A0E-BA6E-83E6215DEED5}.Debug|Any CPU.ActiveCfg = Debug|Any CPU
		{E762638B-E234-4A0E-BA6E-83E6215DEED5}.Debug|Any CPU.Build.0 = Debug|Any CPU
		{E762638B-E234-4A0E-BA6E-83E6215DEED5}.Release|Any CPU.ActiveCfg = Release|Any CPU
		{E762638B-E234-4A0E-BA6E-83E6215DEED5}.Release|Any CPU.Build.0 = Release|Any CPU
	EndGlobalSection
	GlobalSection(SolutionProperties) = preSolution
		HideSolutionNode = FALSE
	EndGlobalSection
	GlobalSection(ExtensibilityGlobals) = postSolution
		SolutionGuid = {BF5D44DC-901B-4D64-B070-67514A2234B7}
	EndGlobalSection
EndGlobal
